// !$*UTF8*$!
{
	archiveVersion = 1;
	classes = {
	};
	objectVersion = 55;
	objects = {

/* Begin PBXBuildFile section */
		0227B0A927C0452C00737C55 /* CharacterRow.swift in Sources */ = {isa = PBXBuildFile; fileRef = 0227B0A827C0452C00737C55 /* CharacterRow.swift */; };
		0227B0AA27C0452C00737C55 /* CharacterRow.swift in Sources */ = {isa = PBXBuildFile; fileRef = 0227B0A827C0452C00737C55 /* CharacterRow.swift */; };
		0227B0AD27C04E1300737C55 /* View+Extensions.swift in Sources */ = {isa = PBXBuildFile; fileRef = 0227B0AC27C04E1300737C55 /* View+Extensions.swift */; };
		0227B0AE27C04E1300737C55 /* View+Extensions.swift in Sources */ = {isa = PBXBuildFile; fileRef = 0227B0AC27C04E1300737C55 /* View+Extensions.swift */; };
		0227B0B027C0550E00737C55 /* NavigationConfiguratior.swift in Sources */ = {isa = PBXBuildFile; fileRef = 0227B0AF27C0550E00737C55 /* NavigationConfiguratior.swift */; };
		0227B0B127C0550E00737C55 /* NavigationConfiguratior.swift in Sources */ = {isa = PBXBuildFile; fileRef = 0227B0AF27C0550E00737C55 /* NavigationConfiguratior.swift */; };
		0227B0B327C0582F00737C55 /* NavigationBar.swift in Sources */ = {isa = PBXBuildFile; fileRef = 0227B0B227C0582F00737C55 /* NavigationBar.swift */; };
		0227B0B427C0582F00737C55 /* NavigationBar.swift in Sources */ = {isa = PBXBuildFile; fileRef = 0227B0B227C0582F00737C55 /* NavigationBar.swift */; };
		0227B0B627C05B1700737C55 /* ComicCell.swift in Sources */ = {isa = PBXBuildFile; fileRef = 0227B0B527C05B1700737C55 /* ComicCell.swift */; };
		0227B0B727C05B1700737C55 /* ComicCell.swift in Sources */ = {isa = PBXBuildFile; fileRef = 0227B0B527C05B1700737C55 /* ComicCell.swift */; };
		0227B0B927C1525E00737C55 /* ForumTab.swift in Sources */ = {isa = PBXBuildFile; fileRef = 0227B0B827C1525E00737C55 /* ForumTab.swift */; };
		0227B0BA27C1525E00737C55 /* ForumTab.swift in Sources */ = {isa = PBXBuildFile; fileRef = 0227B0B827C1525E00737C55 /* ForumTab.swift */; };
		0227B0BC27C161A600737C55 /* Shimmer.swift in Sources */ = {isa = PBXBuildFile; fileRef = 0227B0BB27C161A600737C55 /* Shimmer.swift */; };
		0227B0BD27C161A600737C55 /* Shimmer.swift in Sources */ = {isa = PBXBuildFile; fileRef = 0227B0BB27C161A600737C55 /* Shimmer.swift */; };
		0227B0BF27C1654300737C55 /* ComicRow.swift in Sources */ = {isa = PBXBuildFile; fileRef = 0227B0BE27C1654300737C55 /* ComicRow.swift */; };
		0227B0C027C1654300737C55 /* ComicRow.swift in Sources */ = {isa = PBXBuildFile; fileRef = 0227B0BE27C1654300737C55 /* ComicRow.swift */; };
		0227B0C227C1688D00737C55 /* Title.swift in Sources */ = {isa = PBXBuildFile; fileRef = 0227B0C127C1688D00737C55 /* Title.swift */; };
		0227B0C327C1688D00737C55 /* Title.swift in Sources */ = {isa = PBXBuildFile; fileRef = 0227B0C127C1688D00737C55 /* Title.swift */; };
		0227B0C627C16ECC00737C55 /* MessageKit in Frameworks */ = {isa = PBXBuildFile; productRef = 0227B0C527C16ECC00737C55 /* MessageKit */; };
		028CDD3027BFA8ED00355B5A /* Tests_iOS.swift in Sources */ = {isa = PBXBuildFile; fileRef = 028CDD2F27BFA8ED00355B5A /* Tests_iOS.swift */; };
		028CDD3227BFA8ED00355B5A /* Tests_iOSLaunchTests.swift in Sources */ = {isa = PBXBuildFile; fileRef = 028CDD3127BFA8ED00355B5A /* Tests_iOSLaunchTests.swift */; };
		028CDD3C27BFA8ED00355B5A /* Tests_macOS.swift in Sources */ = {isa = PBXBuildFile; fileRef = 028CDD3B27BFA8ED00355B5A /* Tests_macOS.swift */; };
		028CDD3E27BFA8ED00355B5A /* Tests_macOSLaunchTests.swift in Sources */ = {isa = PBXBuildFile; fileRef = 028CDD3D27BFA8ED00355B5A /* Tests_macOSLaunchTests.swift */; };
		028CDD3F27BFA8ED00355B5A /* MarvelApp.swift in Sources */ = {isa = PBXBuildFile; fileRef = 028CDD1727BFA8EB00355B5A /* MarvelApp.swift */; };
		028CDD4027BFA8ED00355B5A /* MarvelApp.swift in Sources */ = {isa = PBXBuildFile; fileRef = 028CDD1727BFA8EB00355B5A /* MarvelApp.swift */; };
		028CDD4327BFA8ED00355B5A /* Assets.xcassets in Resources */ = {isa = PBXBuildFile; fileRef = 028CDD1927BFA8ED00355B5A /* Assets.xcassets */; };
		028CDD4427BFA8ED00355B5A /* Assets.xcassets in Resources */ = {isa = PBXBuildFile; fileRef = 028CDD1927BFA8ED00355B5A /* Assets.xcassets */; };
		028CDD5D27BFE69F00355B5A /* CharactersTab.swift in Sources */ = {isa = PBXBuildFile; fileRef = 028CDD5C27BFE69F00355B5A /* CharactersTab.swift */; };
		028CDD5E27BFE69F00355B5A /* CharactersTab.swift in Sources */ = {isa = PBXBuildFile; fileRef = 028CDD5C27BFE69F00355B5A /* CharactersTab.swift */; };
		028CDD6027BFE6AE00355B5A /* CommentView.swift in Sources */ = {isa = PBXBuildFile; fileRef = 028CDD5F27BFE6AE00355B5A /* CommentView.swift */; };
		028CDD6127BFE6AE00355B5A /* CommentView.swift in Sources */ = {isa = PBXBuildFile; fileRef = 028CDD5F27BFE6AE00355B5A /* CommentView.swift */; };
		028CDD6327BFE6B500355B5A /* CharacterView.swift in Sources */ = {isa = PBXBuildFile; fileRef = 028CDD6227BFE6B500355B5A /* CharacterView.swift */; };
		028CDD6427BFE6B500355B5A /* CharacterView.swift in Sources */ = {isa = PBXBuildFile; fileRef = 028CDD6227BFE6B500355B5A /* CharacterView.swift */; };
		028CDD6627BFE6BC00355B5A /* ComicView.swift in Sources */ = {isa = PBXBuildFile; fileRef = 028CDD6527BFE6BC00355B5A /* ComicView.swift */; };
		028CDD6727BFE6BC00355B5A /* ComicView.swift in Sources */ = {isa = PBXBuildFile; fileRef = 028CDD6527BFE6BC00355B5A /* ComicView.swift */; };
		028CDD6927BFE6C800355B5A /* ComicsTab.swift in Sources */ = {isa = PBXBuildFile; fileRef = 028CDD6827BFE6C800355B5A /* ComicsTab.swift */; };
		028CDD6A27BFE6C800355B5A /* ComicsTab.swift in Sources */ = {isa = PBXBuildFile; fileRef = 028CDD6827BFE6C800355B5A /* ComicsTab.swift */; };
		028CDD6C27BFE6D200355B5A /* SearchTab.swift in Sources */ = {isa = PBXBuildFile; fileRef = 028CDD6B27BFE6D200355B5A /* SearchTab.swift */; };
		028CDD6D27BFE6D200355B5A /* SearchTab.swift in Sources */ = {isa = PBXBuildFile; fileRef = 028CDD6B27BFE6D200355B5A /* SearchTab.swift */; };
		028CDD7027BFE71700355B5A /* AuthClient.swift in Sources */ = {isa = PBXBuildFile; fileRef = 028CDD6F27BFE71700355B5A /* AuthClient.swift */; };
		028CDD7127BFE71700355B5A /* AuthClient.swift in Sources */ = {isa = PBXBuildFile; fileRef = 028CDD6F27BFE71700355B5A /* AuthClient.swift */; };
		028CDD7427BFE75300355B5A /* Valet in Frameworks */ = {isa = PBXBuildFile; productRef = 028CDD7327BFE75300355B5A /* Valet */; };
		028CDD7727C01DB400355B5A /* VisualEffectView.swift in Sources */ = {isa = PBXBuildFile; fileRef = 028CDD7627C01DB400355B5A /* VisualEffectView.swift */; };
		028CDD7827C01DB400355B5A /* VisualEffectView.swift in Sources */ = {isa = PBXBuildFile; fileRef = 028CDD7627C01DB400355B5A /* VisualEffectView.swift */; };
		028CDD7B27C01FEA00355B5A /* SceneView.swift in Sources */ = {isa = PBXBuildFile; fileRef = 028CDD7A27C01FEA00355B5A /* SceneView.swift */; };
		028CDD7C27C01FEA00355B5A /* SceneView.swift in Sources */ = {isa = PBXBuildFile; fileRef = 028CDD7A27C01FEA00355B5A /* SceneView.swift */; };
		028CDD8127C03E3A00355B5A /* MarvelCore in Frameworks */ = {isa = PBXBuildFile; productRef = 028CDD8027C03E3A00355B5A /* MarvelCore */; };
		028CDD8327C03E4D00355B5A /* MarvelCore in Frameworks */ = {isa = PBXBuildFile; productRef = 028CDD8227C03E4D00355B5A /* MarvelCore */; };
/* End PBXBuildFile section */

/* Begin PBXContainerItemProxy section */
		028CDD2C27BFA8ED00355B5A /* PBXContainerItemProxy */ = {
			isa = PBXContainerItemProxy;
			containerPortal = 028CDD1227BFA8EB00355B5A /* Project object */;
			proxyType = 1;
			remoteGlobalIDString = 028CDD1D27BFA8ED00355B5A;
			remoteInfo = "Marvel (iOS)";
		};
		028CDD3827BFA8ED00355B5A /* PBXContainerItemProxy */ = {
			isa = PBXContainerItemProxy;
			containerPortal = 028CDD1227BFA8EB00355B5A /* Project object */;
			proxyType = 1;
			remoteGlobalIDString = 028CDD2327BFA8ED00355B5A;
			remoteInfo = "Marvel (macOS)";
		};
/* End PBXContainerItemProxy section */

/* Begin PBXFileReference section */
		0227B0A827C0452C00737C55 /* CharacterRow.swift */ = {isa = PBXFileReference; lastKnownFileType = sourcecode.swift; path = CharacterRow.swift; sourceTree = "<group>"; };
		0227B0AC27C04E1300737C55 /* View+Extensions.swift */ = {isa = PBXFileReference; lastKnownFileType = sourcecode.swift; path = "View+Extensions.swift"; sourceTree = "<group>"; };
		0227B0AF27C0550E00737C55 /* NavigationConfiguratior.swift */ = {isa = PBXFileReference; lastKnownFileType = sourcecode.swift; path = NavigationConfiguratior.swift; sourceTree = "<group>"; };
		0227B0B227C0582F00737C55 /* NavigationBar.swift */ = {isa = PBXFileReference; lastKnownFileType = sourcecode.swift; path = NavigationBar.swift; sourceTree = "<group>"; };
		0227B0B527C05B1700737C55 /* ComicCell.swift */ = {isa = PBXFileReference; lastKnownFileType = sourcecode.swift; path = ComicCell.swift; sourceTree = "<group>"; };
		0227B0B827C1525E00737C55 /* ForumTab.swift */ = {isa = PBXFileReference; lastKnownFileType = sourcecode.swift; path = ForumTab.swift; sourceTree = "<group>"; };
		0227B0BB27C161A600737C55 /* Shimmer.swift */ = {isa = PBXFileReference; lastKnownFileType = sourcecode.swift; path = Shimmer.swift; sourceTree = "<group>"; };
		0227B0BE27C1654300737C55 /* ComicRow.swift */ = {isa = PBXFileReference; lastKnownFileType = sourcecode.swift; path = ComicRow.swift; sourceTree = "<group>"; };
		0227B0C127C1688D00737C55 /* Title.swift */ = {isa = PBXFileReference; lastKnownFileType = sourcecode.swift; path = Title.swift; sourceTree = "<group>"; };
		028CDD1727BFA8EB00355B5A /* MarvelApp.swift */ = {isa = PBXFileReference; lastKnownFileType = sourcecode.swift; path = MarvelApp.swift; sourceTree = "<group>"; };
		028CDD1927BFA8ED00355B5A /* Assets.xcassets */ = {isa = PBXFileReference; lastKnownFileType = folder.assetcatalog; path = Assets.xcassets; sourceTree = "<group>"; };
		028CDD1E27BFA8ED00355B5A /* Marvel.app */ = {isa = PBXFileReference; explicitFileType = wrapper.application; includeInIndex = 0; path = Marvel.app; sourceTree = BUILT_PRODUCTS_DIR; };
		028CDD2427BFA8ED00355B5A /* Marvel.app */ = {isa = PBXFileReference; explicitFileType = wrapper.application; includeInIndex = 0; path = Marvel.app; sourceTree = BUILT_PRODUCTS_DIR; };
		028CDD2627BFA8ED00355B5A /* macOS.entitlements */ = {isa = PBXFileReference; lastKnownFileType = text.plist.entitlements; path = macOS.entitlements; sourceTree = "<group>"; };
		028CDD2B27BFA8ED00355B5A /* Tests iOS.xctest */ = {isa = PBXFileReference; explicitFileType = wrapper.cfbundle; includeInIndex = 0; path = "Tests iOS.xctest"; sourceTree = BUILT_PRODUCTS_DIR; };
		028CDD2F27BFA8ED00355B5A /* Tests_iOS.swift */ = {isa = PBXFileReference; lastKnownFileType = sourcecode.swift; path = Tests_iOS.swift; sourceTree = "<group>"; };
		028CDD3127BFA8ED00355B5A /* Tests_iOSLaunchTests.swift */ = {isa = PBXFileReference; lastKnownFileType = sourcecode.swift; path = Tests_iOSLaunchTests.swift; sourceTree = "<group>"; };
		028CDD3727BFA8ED00355B5A /* Tests macOS.xctest */ = {isa = PBXFileReference; explicitFileType = wrapper.cfbundle; includeInIndex = 0; path = "Tests macOS.xctest"; sourceTree = BUILT_PRODUCTS_DIR; };
		028CDD3B27BFA8ED00355B5A /* Tests_macOS.swift */ = {isa = PBXFileReference; lastKnownFileType = sourcecode.swift; path = Tests_macOS.swift; sourceTree = "<group>"; };
		028CDD3D27BFA8ED00355B5A /* Tests_macOSLaunchTests.swift */ = {isa = PBXFileReference; lastKnownFileType = sourcecode.swift; path = Tests_macOSLaunchTests.swift; sourceTree = "<group>"; };
		028CDD5627BFA9CC00355B5A /* MarvelCore */ = {isa = PBXFileReference; lastKnownFileType = wrapper; name = MarvelCore; path = ../../../MarvelCore; sourceTree = "<group>"; };
		028CDD5C27BFE69F00355B5A /* CharactersTab.swift */ = {isa = PBXFileReference; lastKnownFileType = sourcecode.swift; path = CharactersTab.swift; sourceTree = "<group>"; };
		028CDD5F27BFE6AE00355B5A /* CommentView.swift */ = {isa = PBXFileReference; lastKnownFileType = sourcecode.swift; path = CommentView.swift; sourceTree = "<group>"; };
		028CDD6227BFE6B500355B5A /* CharacterView.swift */ = {isa = PBXFileReference; lastKnownFileType = sourcecode.swift; path = CharacterView.swift; sourceTree = "<group>"; };
		028CDD6527BFE6BC00355B5A /* ComicView.swift */ = {isa = PBXFileReference; lastKnownFileType = sourcecode.swift; path = ComicView.swift; sourceTree = "<group>"; };
		028CDD6827BFE6C800355B5A /* ComicsTab.swift */ = {isa = PBXFileReference; lastKnownFileType = sourcecode.swift; path = ComicsTab.swift; sourceTree = "<group>"; };
		028CDD6B27BFE6D200355B5A /* SearchTab.swift */ = {isa = PBXFileReference; lastKnownFileType = sourcecode.swift; path = SearchTab.swift; sourceTree = "<group>"; };
		028CDD6F27BFE71700355B5A /* AuthClient.swift */ = {isa = PBXFileReference; lastKnownFileType = sourcecode.swift; path = AuthClient.swift; sourceTree = "<group>"; };
		028CDD7627C01DB400355B5A /* VisualEffectView.swift */ = {isa = PBXFileReference; lastKnownFileType = sourcecode.swift; path = VisualEffectView.swift; sourceTree = "<group>"; };
		028CDD7A27C01FEA00355B5A /* SceneView.swift */ = {isa = PBXFileReference; lastKnownFileType = sourcecode.swift; path = SceneView.swift; sourceTree = "<group>"; };
/* End PBXFileReference section */

/* Begin PBXFrameworksBuildPhase section */
		028CDD1B27BFA8ED00355B5A /* Frameworks */ = {
			isa = PBXFrameworksBuildPhase;
			buildActionMask = 2147483647;
			files = (
				0227B0C627C16ECC00737C55 /* MessageKit in Frameworks */,
				028CDD8127C03E3A00355B5A /* MarvelCore in Frameworks */,
				028CDD7427BFE75300355B5A /* Valet in Frameworks */,
			);
			runOnlyForDeploymentPostprocessing = 0;
		};
		028CDD2127BFA8ED00355B5A /* Frameworks */ = {
			isa = PBXFrameworksBuildPhase;
			buildActionMask = 2147483647;
			files = (
				028CDD8327C03E4D00355B5A /* MarvelCore in Frameworks */,
			);
			runOnlyForDeploymentPostprocessing = 0;
		};
		028CDD2827BFA8ED00355B5A /* Frameworks */ = {
			isa = PBXFrameworksBuildPhase;
			buildActionMask = 2147483647;
			files = (
			);
			runOnlyForDeploymentPostprocessing = 0;
		};
		028CDD3427BFA8ED00355B5A /* Frameworks */ = {
			isa = PBXFrameworksBuildPhase;
			buildActionMask = 2147483647;
			files = (
			);
			runOnlyForDeploymentPostprocessing = 0;
		};
/* End PBXFrameworksBuildPhase section */

/* Begin PBXGroup section */
		0227B0AB27C04E0000737C55 /* Extensions */ = {
			isa = PBXGroup;
			children = (
				0227B0AC27C04E1300737C55 /* View+Extensions.swift */,
			);
			path = Extensions;
			sourceTree = "<group>";
		};
		028CDD1127BFA8EB00355B5A = {
			isa = PBXGroup;
			children = (
				028CDD1627BFA8EB00355B5A /* Shared */,
				028CDD2527BFA8ED00355B5A /* macOS */,
				028CDD2E27BFA8ED00355B5A /* Tests iOS */,
				028CDD3A27BFA8ED00355B5A /* Tests macOS */,
				028CDD1F27BFA8ED00355B5A /* Products */,
				028CDD7F27C03E3A00355B5A /* Frameworks */,
			);
			sourceTree = "<group>";
		};
		028CDD1627BFA8EB00355B5A /* Shared */ = {
			isa = PBXGroup;
			children = (
				028CDD1727BFA8EB00355B5A /* MarvelApp.swift */,
				028CDD5427BFA96500355B5A /* Modules */,
				028CDD5327BFA95E00355B5A /* GraphQL */,
				028CDD5527BFA9A900355B5A /* Views */,
				028CDD6E27BFE6FE00355B5A /* Services */,
				0227B0AB27C04E0000737C55 /* Extensions */,
				028CDD1927BFA8ED00355B5A /* Assets.xcassets */,
			);
			path = Shared;
			sourceTree = "<group>";
		};
		028CDD1F27BFA8ED00355B5A /* Products */ = {
			isa = PBXGroup;
			children = (
				028CDD1E27BFA8ED00355B5A /* Marvel.app */,
				028CDD2427BFA8ED00355B5A /* Marvel.app */,
				028CDD2B27BFA8ED00355B5A /* Tests iOS.xctest */,
				028CDD3727BFA8ED00355B5A /* Tests macOS.xctest */,
			);
			name = Products;
			sourceTree = "<group>";
		};
		028CDD2527BFA8ED00355B5A /* macOS */ = {
			isa = PBXGroup;
			children = (
				028CDD2627BFA8ED00355B5A /* macOS.entitlements */,
			);
			path = macOS;
			sourceTree = "<group>";
		};
		028CDD2E27BFA8ED00355B5A /* Tests iOS */ = {
			isa = PBXGroup;
			children = (
				028CDD2F27BFA8ED00355B5A /* Tests_iOS.swift */,
				028CDD3127BFA8ED00355B5A /* Tests_iOSLaunchTests.swift */,
			);
			path = "Tests iOS";
			sourceTree = "<group>";
		};
		028CDD3A27BFA8ED00355B5A /* Tests macOS */ = {
			isa = PBXGroup;
			children = (
				028CDD3B27BFA8ED00355B5A /* Tests_macOS.swift */,
				028CDD3D27BFA8ED00355B5A /* Tests_macOSLaunchTests.swift */,
			);
			path = "Tests macOS";
			sourceTree = "<group>";
		};
		028CDD5327BFA95E00355B5A /* GraphQL */ = {
			isa = PBXGroup;
			children = (
			);
			path = GraphQL;
			sourceTree = "<group>";
		};
		028CDD5427BFA96500355B5A /* Modules */ = {
			isa = PBXGroup;
			children = (
				028CDD5627BFA9CC00355B5A /* MarvelCore */,
			);
			path = Modules;
			sourceTree = "<group>";
		};
		028CDD5527BFA9A900355B5A /* Views */ = {
			isa = PBXGroup;
			children = (
				028CDD5727BFE61700355B5A /* Character */,
				028CDD5927BFE62D00355B5A /* Comment */,
				028CDD5827BFE61D00355B5A /* Comic */,
				028CDD7927C01FDD00355B5A /* Scene */,
				028CDD5A27BFE63800355B5A /* Tabs */,
				028CDD7527C01DA100355B5A /* Utils */,
				0227B0B227C0582F00737C55 /* NavigationBar.swift */,
				0227B0BB27C161A600737C55 /* Shimmer.swift */,
				0227B0C127C1688D00737C55 /* Title.swift */,
			);
			path = Views;
			sourceTree = "<group>";
		};
		028CDD5727BFE61700355B5A /* Character */ = {
			isa = PBXGroup;
			children = (
				028CDD6227BFE6B500355B5A /* CharacterView.swift */,
				0227B0A827C0452C00737C55 /* CharacterRow.swift */,
			);
			path = Character;
			sourceTree = "<group>";
		};
		028CDD5827BFE61D00355B5A /* Comic */ = {
			isa = PBXGroup;
			children = (
				0227B0B527C05B1700737C55 /* ComicCell.swift */,
				028CDD6527BFE6BC00355B5A /* ComicView.swift */,
				0227B0BE27C1654300737C55 /* ComicRow.swift */,
			);
			path = Comic;
			sourceTree = "<group>";
		};
		028CDD5927BFE62D00355B5A /* Comment */ = {
			isa = PBXGroup;
			children = (
				028CDD5F27BFE6AE00355B5A /* CommentView.swift */,
			);
			path = Comment;
			sourceTree = "<group>";
		};
		028CDD5A27BFE63800355B5A /* Tabs */ = {
			isa = PBXGroup;
			children = (
				028CDD5C27BFE69F00355B5A /* CharactersTab.swift */,
				028CDD6827BFE6C800355B5A /* ComicsTab.swift */,
				0227B0B827C1525E00737C55 /* ForumTab.swift */,
				028CDD6B27BFE6D200355B5A /* SearchTab.swift */,
			);
			path = Tabs;
			sourceTree = "<group>";
		};
		028CDD6E27BFE6FE00355B5A /* Services */ = {
			isa = PBXGroup;
			children = (
				028CDD6F27BFE71700355B5A /* AuthClient.swift */,
			);
			path = Services;
			sourceTree = "<group>";
		};
		028CDD7527C01DA100355B5A /* Utils */ = {
			isa = PBXGroup;
			children = (
				028CDD7627C01DB400355B5A /* VisualEffectView.swift */,
				0227B0AF27C0550E00737C55 /* NavigationConfiguratior.swift */,
			);
			path = Utils;
			sourceTree = "<group>";
		};
		028CDD7927C01FDD00355B5A /* Scene */ = {
			isa = PBXGroup;
			children = (
				028CDD7A27C01FEA00355B5A /* SceneView.swift */,
			);
			path = Scene;
			sourceTree = "<group>";
		};
		028CDD7F27C03E3A00355B5A /* Frameworks */ = {
			isa = PBXGroup;
			children = (
			);
			name = Frameworks;
			sourceTree = "<group>";
		};
/* End PBXGroup section */

/* Begin PBXNativeTarget section */
		028CDD1D27BFA8ED00355B5A /* Marvel (iOS) */ = {
			isa = PBXNativeTarget;
			buildConfigurationList = 028CDD4727BFA8ED00355B5A /* Build configuration list for PBXNativeTarget "Marvel (iOS)" */;
			buildPhases = (
				028CDD1A27BFA8ED00355B5A /* Sources */,
				028CDD1B27BFA8ED00355B5A /* Frameworks */,
				028CDD1C27BFA8ED00355B5A /* Resources */,
			);
			buildRules = (
			);
			dependencies = (
			);
			name = "Marvel (iOS)";
			packageProductDependencies = (
				028CDD7327BFE75300355B5A /* Valet */,
				028CDD8027C03E3A00355B5A /* MarvelCore */,
				0227B0C527C16ECC00737C55 /* MessageKit */,
			);
			productName = "Marvel (iOS)";
			productReference = 028CDD1E27BFA8ED00355B5A /* Marvel.app */;
			productType = "com.apple.product-type.application";
		};
		028CDD2327BFA8ED00355B5A /* Marvel (macOS) */ = {
			isa = PBXNativeTarget;
			buildConfigurationList = 028CDD4A27BFA8ED00355B5A /* Build configuration list for PBXNativeTarget "Marvel (macOS)" */;
			buildPhases = (
				028CDD2027BFA8ED00355B5A /* Sources */,
				028CDD2127BFA8ED00355B5A /* Frameworks */,
				028CDD2227BFA8ED00355B5A /* Resources */,
			);
			buildRules = (
			);
			dependencies = (
			);
			name = "Marvel (macOS)";
			packageProductDependencies = (
				028CDD8227C03E4D00355B5A /* MarvelCore */,
			);
			productName = "Marvel (macOS)";
			productReference = 028CDD2427BFA8ED00355B5A /* Marvel.app */;
			productType = "com.apple.product-type.application";
		};
		028CDD2A27BFA8ED00355B5A /* Tests iOS */ = {
			isa = PBXNativeTarget;
			buildConfigurationList = 028CDD4D27BFA8ED00355B5A /* Build configuration list for PBXNativeTarget "Tests iOS" */;
			buildPhases = (
				028CDD2727BFA8ED00355B5A /* Sources */,
				028CDD2827BFA8ED00355B5A /* Frameworks */,
				028CDD2927BFA8ED00355B5A /* Resources */,
			);
			buildRules = (
			);
			dependencies = (
				028CDD2D27BFA8ED00355B5A /* PBXTargetDependency */,
			);
			name = "Tests iOS";
			productName = "Tests iOS";
			productReference = 028CDD2B27BFA8ED00355B5A /* Tests iOS.xctest */;
			productType = "com.apple.product-type.bundle.ui-testing";
		};
		028CDD3627BFA8ED00355B5A /* Tests macOS */ = {
			isa = PBXNativeTarget;
			buildConfigurationList = 028CDD5027BFA8ED00355B5A /* Build configuration list for PBXNativeTarget "Tests macOS" */;
			buildPhases = (
				028CDD3327BFA8ED00355B5A /* Sources */,
				028CDD3427BFA8ED00355B5A /* Frameworks */,
				028CDD3527BFA8ED00355B5A /* Resources */,
			);
			buildRules = (
			);
			dependencies = (
				028CDD3927BFA8ED00355B5A /* PBXTargetDependency */,
			);
			name = "Tests macOS";
			productName = "Tests macOS";
			productReference = 028CDD3727BFA8ED00355B5A /* Tests macOS.xctest */;
			productType = "com.apple.product-type.bundle.ui-testing";
		};
/* End PBXNativeTarget section */

/* Begin PBXProject section */
		028CDD1227BFA8EB00355B5A /* Project object */ = {
			isa = PBXProject;
			attributes = {
				BuildIndependentTargetsInParallel = 1;
				LastSwiftUpdateCheck = 1320;
				LastUpgradeCheck = 1320;
				TargetAttributes = {
					028CDD1D27BFA8ED00355B5A = {
						CreatedOnToolsVersion = 13.2.1;
					};
					028CDD2327BFA8ED00355B5A = {
						CreatedOnToolsVersion = 13.2.1;
					};
					028CDD2A27BFA8ED00355B5A = {
						CreatedOnToolsVersion = 13.2.1;
						TestTargetID = 028CDD1D27BFA8ED00355B5A;
					};
					028CDD3627BFA8ED00355B5A = {
						CreatedOnToolsVersion = 13.2.1;
						TestTargetID = 028CDD2327BFA8ED00355B5A;
					};
				};
			};
			buildConfigurationList = 028CDD1527BFA8EB00355B5A /* Build configuration list for PBXProject "Marvel" */;
			compatibilityVersion = "Xcode 13.0";
			developmentRegion = en;
			hasScannedForEncodings = 0;
			knownRegions = (
				en,
				Base,
			);
			mainGroup = 028CDD1127BFA8EB00355B5A;
			packageReferences = (
				028CDD7227BFE75300355B5A /* XCRemoteSwiftPackageReference "Valet" */,
				0227B0C427C16ECC00737C55 /* XCRemoteSwiftPackageReference "MessageKit" */,
			);
			productRefGroup = 028CDD1F27BFA8ED00355B5A /* Products */;
			projectDirPath = "";
			projectRoot = "";
			targets = (
				028CDD1D27BFA8ED00355B5A /* Marvel (iOS) */,
				028CDD2327BFA8ED00355B5A /* Marvel (macOS) */,
				028CDD2A27BFA8ED00355B5A /* Tests iOS */,
				028CDD3627BFA8ED00355B5A /* Tests macOS */,
			);
		};
/* End PBXProject section */

/* Begin PBXResourcesBuildPhase section */
		028CDD1C27BFA8ED00355B5A /* Resources */ = {
			isa = PBXResourcesBuildPhase;
			buildActionMask = 2147483647;
			files = (
				028CDD4327BFA8ED00355B5A /* Assets.xcassets in Resources */,
			);
			runOnlyForDeploymentPostprocessing = 0;
		};
		028CDD2227BFA8ED00355B5A /* Resources */ = {
			isa = PBXResourcesBuildPhase;
			buildActionMask = 2147483647;
			files = (
				028CDD4427BFA8ED00355B5A /* Assets.xcassets in Resources */,
			);
			runOnlyForDeploymentPostprocessing = 0;
		};
		028CDD2927BFA8ED00355B5A /* Resources */ = {
			isa = PBXResourcesBuildPhase;
			buildActionMask = 2147483647;
			files = (
			);
			runOnlyForDeploymentPostprocessing = 0;
		};
		028CDD3527BFA8ED00355B5A /* Resources */ = {
			isa = PBXResourcesBuildPhase;
			buildActionMask = 2147483647;
			files = (
			);
			runOnlyForDeploymentPostprocessing = 0;
		};
/* End PBXResourcesBuildPhase section */

/* Begin PBXSourcesBuildPhase section */
		028CDD1A27BFA8ED00355B5A /* Sources */ = {
			isa = PBXSourcesBuildPhase;
			buildActionMask = 2147483647;
			files = (
				0227B0BF27C1654300737C55 /* ComicRow.swift in Sources */,
				0227B0A927C0452C00737C55 /* CharacterRow.swift in Sources */,
				028CDD7727C01DB400355B5A /* VisualEffectView.swift in Sources */,
				028CDD7B27C01FEA00355B5A /* SceneView.swift in Sources */,
				028CDD6927BFE6C800355B5A /* ComicsTab.swift in Sources */,
				028CDD6027BFE6AE00355B5A /* CommentView.swift in Sources */,
				0227B0C227C1688D00737C55 /* Title.swift in Sources */,
				0227B0B627C05B1700737C55 /* ComicCell.swift in Sources */,
				028CDD5D27BFE69F00355B5A /* CharactersTab.swift in Sources */,
				028CDD6327BFE6B500355B5A /* CharacterView.swift in Sources */,
				028CDD7027BFE71700355B5A /* AuthClient.swift in Sources */,
				0227B0B927C1525E00737C55 /* ForumTab.swift in Sources */,
				0227B0B027C0550E00737C55 /* NavigationConfiguratior.swift in Sources */,
				028CDD6627BFE6BC00355B5A /* ComicView.swift in Sources */,
				028CDD3F27BFA8ED00355B5A /* MarvelApp.swift in Sources */,
				0227B0BC27C161A600737C55 /* Shimmer.swift in Sources */,
				0227B0B327C0582F00737C55 /* NavigationBar.swift in Sources */,
				0227B0AD27C04E1300737C55 /* View+Extensions.swift in Sources */,
				028CDD6C27BFE6D200355B5A /* SearchTab.swift in Sources */,
			);
			runOnlyForDeploymentPostprocessing = 0;
		};
		028CDD2027BFA8ED00355B5A /* Sources */ = {
			isa = PBXSourcesBuildPhase;
			buildActionMask = 2147483647;
			files = (
				0227B0C027C1654300737C55 /* ComicRow.swift in Sources */,
				0227B0AA27C0452C00737C55 /* CharacterRow.swift in Sources */,
				028CDD7827C01DB400355B5A /* VisualEffectView.swift in Sources */,
				028CDD7C27C01FEA00355B5A /* SceneView.swift in Sources */,
				028CDD6A27BFE6C800355B5A /* ComicsTab.swift in Sources */,
				028CDD6127BFE6AE00355B5A /* CommentView.swift in Sources */,
				0227B0C327C1688D00737C55 /* Title.swift in Sources */,
				0227B0B727C05B1700737C55 /* ComicCell.swift in Sources */,
				028CDD5E27BFE69F00355B5A /* CharactersTab.swift in Sources */,
				028CDD6427BFE6B500355B5A /* CharacterView.swift in Sources */,
				028CDD7127BFE71700355B5A /* AuthClient.swift in Sources */,
				0227B0BA27C1525E00737C55 /* ForumTab.swift in Sources */,
				0227B0B127C0550E00737C55 /* NavigationConfiguratior.swift in Sources */,
				028CDD6727BFE6BC00355B5A /* ComicView.swift in Sources */,
				028CDD4027BFA8ED00355B5A /* MarvelApp.swift in Sources */,
				0227B0BD27C161A600737C55 /* Shimmer.swift in Sources */,
				0227B0B427C0582F00737C55 /* NavigationBar.swift in Sources */,
				0227B0AE27C04E1300737C55 /* View+Extensions.swift in Sources */,
				028CDD6D27BFE6D200355B5A /* SearchTab.swift in Sources */,
			);
			runOnlyForDeploymentPostprocessing = 0;
		};
		028CDD2727BFA8ED00355B5A /* Sources */ = {
			isa = PBXSourcesBuildPhase;
			buildActionMask = 2147483647;
			files = (
				028CDD3227BFA8ED00355B5A /* Tests_iOSLaunchTests.swift in Sources */,
				028CDD3027BFA8ED00355B5A /* Tests_iOS.swift in Sources */,
			);
			runOnlyForDeploymentPostprocessing = 0;
		};
		028CDD3327BFA8ED00355B5A /* Sources */ = {
			isa = PBXSourcesBuildPhase;
			buildActionMask = 2147483647;
			files = (
				028CDD3E27BFA8ED00355B5A /* Tests_macOSLaunchTests.swift in Sources */,
				028CDD3C27BFA8ED00355B5A /* Tests_macOS.swift in Sources */,
			);
			runOnlyForDeploymentPostprocessing = 0;
		};
/* End PBXSourcesBuildPhase section */

/* Begin PBXTargetDependency section */
		028CDD2D27BFA8ED00355B5A /* PBXTargetDependency */ = {
			isa = PBXTargetDependency;
			target = 028CDD1D27BFA8ED00355B5A /* Marvel (iOS) */;
			targetProxy = 028CDD2C27BFA8ED00355B5A /* PBXContainerItemProxy */;
		};
		028CDD3927BFA8ED00355B5A /* PBXTargetDependency */ = {
			isa = PBXTargetDependency;
			target = 028CDD2327BFA8ED00355B5A /* Marvel (macOS) */;
			targetProxy = 028CDD3827BFA8ED00355B5A /* PBXContainerItemProxy */;
		};
/* End PBXTargetDependency section */

/* Begin XCBuildConfiguration section */
		028CDD4527BFA8ED00355B5A /* Debug */ = {
			isa = XCBuildConfiguration;
			buildSettings = {
				ALWAYS_SEARCH_USER_PATHS = NO;
				CLANG_ANALYZER_NONNULL = YES;
				CLANG_ANALYZER_NUMBER_OBJECT_CONVERSION = YES_AGGRESSIVE;
				CLANG_CXX_LANGUAGE_STANDARD = "gnu++17";
				CLANG_CXX_LIBRARY = "libc++";
				CLANG_ENABLE_MODULES = YES;
				CLANG_ENABLE_OBJC_ARC = YES;
				CLANG_ENABLE_OBJC_WEAK = YES;
				CLANG_WARN_BLOCK_CAPTURE_AUTORELEASING = YES;
				CLANG_WARN_BOOL_CONVERSION = YES;
				CLANG_WARN_COMMA = YES;
				CLANG_WARN_CONSTANT_CONVERSION = YES;
				CLANG_WARN_DEPRECATED_OBJC_IMPLEMENTATIONS = YES;
				CLANG_WARN_DIRECT_OBJC_ISA_USAGE = YES_ERROR;
				CLANG_WARN_DOCUMENTATION_COMMENTS = YES;
				CLANG_WARN_EMPTY_BODY = YES;
				CLANG_WARN_ENUM_CONVERSION = YES;
				CLANG_WARN_INFINITE_RECURSION = YES;
				CLANG_WARN_INT_CONVERSION = YES;
				CLANG_WARN_NON_LITERAL_NULL_CONVERSION = YES;
				CLANG_WARN_OBJC_IMPLICIT_RETAIN_SELF = YES;
				CLANG_WARN_OBJC_LITERAL_CONVERSION = YES;
				CLANG_WARN_OBJC_ROOT_CLASS = YES_ERROR;
				CLANG_WARN_QUOTED_INCLUDE_IN_FRAMEWORK_HEADER = YES;
				CLANG_WARN_RANGE_LOOP_ANALYSIS = YES;
				CLANG_WARN_STRICT_PROTOTYPES = YES;
				CLANG_WARN_SUSPICIOUS_MOVE = YES;
				CLANG_WARN_UNGUARDED_AVAILABILITY = YES_AGGRESSIVE;
				CLANG_WARN_UNREACHABLE_CODE = YES;
				CLANG_WARN__DUPLICATE_METHOD_MATCH = YES;
				COPY_PHASE_STRIP = NO;
				DEBUG_INFORMATION_FORMAT = dwarf;
				ENABLE_STRICT_OBJC_MSGSEND = YES;
				ENABLE_TESTABILITY = YES;
				GCC_C_LANGUAGE_STANDARD = gnu11;
				GCC_DYNAMIC_NO_PIC = NO;
				GCC_NO_COMMON_BLOCKS = YES;
				GCC_OPTIMIZATION_LEVEL = 0;
				GCC_PREPROCESSOR_DEFINITIONS = (
					"DEBUG=1",
					"$(inherited)",
				);
				GCC_WARN_64_TO_32_BIT_CONVERSION = YES;
				GCC_WARN_ABOUT_RETURN_TYPE = YES_ERROR;
				GCC_WARN_UNDECLARED_SELECTOR = YES;
				GCC_WARN_UNINITIALIZED_AUTOS = YES_AGGRESSIVE;
				GCC_WARN_UNUSED_FUNCTION = YES;
				GCC_WARN_UNUSED_VARIABLE = YES;
				IPHONEOS_DEPLOYMENT_TARGET = 15.2;
				MTL_ENABLE_DEBUG_INFO = INCLUDE_SOURCE;
				MTL_FAST_MATH = YES;
				ONLY_ACTIVE_ARCH = YES;
				SWIFT_ACTIVE_COMPILATION_CONDITIONS = DEBUG;
				SWIFT_OPTIMIZATION_LEVEL = "-Onone";
			};
			name = Debug;
		};
		028CDD4627BFA8ED00355B5A /* Release */ = {
			isa = XCBuildConfiguration;
			buildSettings = {
				ALWAYS_SEARCH_USER_PATHS = NO;
				CLANG_ANALYZER_NONNULL = YES;
				CLANG_ANALYZER_NUMBER_OBJECT_CONVERSION = YES_AGGRESSIVE;
				CLANG_CXX_LANGUAGE_STANDARD = "gnu++17";
				CLANG_CXX_LIBRARY = "libc++";
				CLANG_ENABLE_MODULES = YES;
				CLANG_ENABLE_OBJC_ARC = YES;
				CLANG_ENABLE_OBJC_WEAK = YES;
				CLANG_WARN_BLOCK_CAPTURE_AUTORELEASING = YES;
				CLANG_WARN_BOOL_CONVERSION = YES;
				CLANG_WARN_COMMA = YES;
				CLANG_WARN_CONSTANT_CONVERSION = YES;
				CLANG_WARN_DEPRECATED_OBJC_IMPLEMENTATIONS = YES;
				CLANG_WARN_DIRECT_OBJC_ISA_USAGE = YES_ERROR;
				CLANG_WARN_DOCUMENTATION_COMMENTS = YES;
				CLANG_WARN_EMPTY_BODY = YES;
				CLANG_WARN_ENUM_CONVERSION = YES;
				CLANG_WARN_INFINITE_RECURSION = YES;
				CLANG_WARN_INT_CONVERSION = YES;
				CLANG_WARN_NON_LITERAL_NULL_CONVERSION = YES;
				CLANG_WARN_OBJC_IMPLICIT_RETAIN_SELF = YES;
				CLANG_WARN_OBJC_LITERAL_CONVERSION = YES;
				CLANG_WARN_OBJC_ROOT_CLASS = YES_ERROR;
				CLANG_WARN_QUOTED_INCLUDE_IN_FRAMEWORK_HEADER = YES;
				CLANG_WARN_RANGE_LOOP_ANALYSIS = YES;
				CLANG_WARN_STRICT_PROTOTYPES = YES;
				CLANG_WARN_SUSPICIOUS_MOVE = YES;
				CLANG_WARN_UNGUARDED_AVAILABILITY = YES_AGGRESSIVE;
				CLANG_WARN_UNREACHABLE_CODE = YES;
				CLANG_WARN__DUPLICATE_METHOD_MATCH = YES;
				COPY_PHASE_STRIP = NO;
				DEBUG_INFORMATION_FORMAT = "dwarf-with-dsym";
				ENABLE_NS_ASSERTIONS = NO;
				ENABLE_STRICT_OBJC_MSGSEND = YES;
				GCC_C_LANGUAGE_STANDARD = gnu11;
				GCC_NO_COMMON_BLOCKS = YES;
				GCC_WARN_64_TO_32_BIT_CONVERSION = YES;
				GCC_WARN_ABOUT_RETURN_TYPE = YES_ERROR;
				GCC_WARN_UNDECLARED_SELECTOR = YES;
				GCC_WARN_UNINITIALIZED_AUTOS = YES_AGGRESSIVE;
				GCC_WARN_UNUSED_FUNCTION = YES;
				GCC_WARN_UNUSED_VARIABLE = YES;
				IPHONEOS_DEPLOYMENT_TARGET = 15.2;
				MTL_ENABLE_DEBUG_INFO = NO;
				MTL_FAST_MATH = YES;
				SWIFT_COMPILATION_MODE = wholemodule;
				SWIFT_OPTIMIZATION_LEVEL = "-O";
			};
			name = Release;
		};
		028CDD4827BFA8ED00355B5A /* Debug */ = {
			isa = XCBuildConfiguration;
			buildSettings = {
				ASSETCATALOG_COMPILER_APPICON_NAME = AppIcon;
				ASSETCATALOG_COMPILER_GLOBAL_ACCENT_COLOR_NAME = AccentColor;
				CODE_SIGN_STYLE = Automatic;
				CURRENT_PROJECT_VERSION = 1;
				DEVELOPMENT_TEAM = 85FQBW59UC;
				ENABLE_PREVIEWS = YES;
				GENERATE_INFOPLIST_FILE = YES;
				INFOPLIST_KEY_UIApplicationSceneManifest_Generation = YES;
				INFOPLIST_KEY_UIApplicationSupportsIndirectInputEvents = YES;
				INFOPLIST_KEY_UILaunchScreen_Generation = YES;
				INFOPLIST_KEY_UISupportedInterfaceOrientations_iPad = "UIInterfaceOrientationPortrait UIInterfaceOrientationPortraitUpsideDown UIInterfaceOrientationLandscapeLeft UIInterfaceOrientationLandscapeRight";
				INFOPLIST_KEY_UISupportedInterfaceOrientations_iPhone = "UIInterfaceOrientationPortrait UIInterfaceOrientationLandscapeLeft UIInterfaceOrientationLandscapeRight";
				INFOPLIST_KEY_UIUserInterfaceStyle = Light;
				IPHONEOS_DEPLOYMENT_TARGET = 15.2;
				LD_RUNPATH_SEARCH_PATHS = (
					"$(inherited)",
					"@executable_path/Frameworks",
				);
				MARKETING_VERSION = 1.0;
				PRODUCT_BUNDLE_IDENTIFIER = com.swiftgraphql.Marvel;
				PRODUCT_NAME = Marvel;
				SDKROOT = iphoneos;
				SWIFT_EMIT_LOC_STRINGS = YES;
				SWIFT_VERSION = 5.0;
				TARGETED_DEVICE_FAMILY = "1,2";
			};
			name = Debug;
		};
		028CDD4927BFA8ED00355B5A /* Release */ = {
			isa = XCBuildConfiguration;
			buildSettings = {
				ASSETCATALOG_COMPILER_APPICON_NAME = AppIcon;
				ASSETCATALOG_COMPILER_GLOBAL_ACCENT_COLOR_NAME = AccentColor;
				CODE_SIGN_STYLE = Automatic;
				CURRENT_PROJECT_VERSION = 1;
				DEVELOPMENT_TEAM = 85FQBW59UC;
				ENABLE_PREVIEWS = YES;
				GENERATE_INFOPLIST_FILE = YES;
				INFOPLIST_KEY_UIApplicationSceneManifest_Generation = YES;
				INFOPLIST_KEY_UIApplicationSupportsIndirectInputEvents = YES;
				INFOPLIST_KEY_UILaunchScreen_Generation = YES;
				INFOPLIST_KEY_UISupportedInterfaceOrientations_iPad = "UIInterfaceOrientationPortrait UIInterfaceOrientationPortraitUpsideDown UIInterfaceOrientationLandscapeLeft UIInterfaceOrientationLandscapeRight";
				INFOPLIST_KEY_UISupportedInterfaceOrientations_iPhone = "UIInterfaceOrientationPortrait UIInterfaceOrientationLandscapeLeft UIInterfaceOrientationLandscapeRight";
				INFOPLIST_KEY_UIUserInterfaceStyle = Light;
				IPHONEOS_DEPLOYMENT_TARGET = 15.2;
				LD_RUNPATH_SEARCH_PATHS = (
					"$(inherited)",
					"@executable_path/Frameworks",
				);
				MARKETING_VERSION = 1.0;
				PRODUCT_BUNDLE_IDENTIFIER = com.swiftgraphql.Marvel;
				PRODUCT_NAME = Marvel;
				SDKROOT = iphoneos;
				SWIFT_EMIT_LOC_STRINGS = YES;
				SWIFT_VERSION = 5.0;
				TARGETED_DEVICE_FAMILY = "1,2";
				VALIDATE_PRODUCT = YES;
			};
			name = Release;
		};
		028CDD4B27BFA8ED00355B5A /* Debug */ = {
			isa = XCBuildConfiguration;
			buildSettings = {
				ASSETCATALOG_COMPILER_APPICON_NAME = AppIcon;
				ASSETCATALOG_COMPILER_GLOBAL_ACCENT_COLOR_NAME = AccentColor;
				CODE_SIGN_ENTITLEMENTS = macOS/macOS.entitlements;
				CODE_SIGN_STYLE = Automatic;
				COMBINE_HIDPI_IMAGES = YES;
				CURRENT_PROJECT_VERSION = 1;
				DEVELOPMENT_TEAM = 85FQBW59UC;
				ENABLE_HARDENED_RUNTIME = YES;
				ENABLE_PREVIEWS = YES;
				GENERATE_INFOPLIST_FILE = YES;
				INFOPLIST_KEY_LSApplicationCategoryType = "public.app-category.education";
				INFOPLIST_KEY_NSHumanReadableCopyright = "";
				LD_RUNPATH_SEARCH_PATHS = (
					"$(inherited)",
					"@executable_path/../Frameworks",
				);
				MACOSX_DEPLOYMENT_TARGET = 12.1;
				MARKETING_VERSION = 1.0;
				PRODUCT_BUNDLE_IDENTIFIER = com.swiftgraphql.Marvel;
				PRODUCT_NAME = Marvel;
				SDKROOT = macosx;
				SWIFT_EMIT_LOC_STRINGS = YES;
				SWIFT_VERSION = 5.0;
			};
			name = Debug;
		};
		028CDD4C27BFA8ED00355B5A /* Release */ = {
			isa = XCBuildConfiguration;
			buildSettings = {
				ASSETCATALOG_COMPILER_APPICON_NAME = AppIcon;
				ASSETCATALOG_COMPILER_GLOBAL_ACCENT_COLOR_NAME = AccentColor;
				CODE_SIGN_ENTITLEMENTS = macOS/macOS.entitlements;
				CODE_SIGN_STYLE = Automatic;
				COMBINE_HIDPI_IMAGES = YES;
				CURRENT_PROJECT_VERSION = 1;
				DEVELOPMENT_TEAM = 85FQBW59UC;
				ENABLE_HARDENED_RUNTIME = YES;
				ENABLE_PREVIEWS = YES;
				GENERATE_INFOPLIST_FILE = YES;
				INFOPLIST_KEY_LSApplicationCategoryType = "public.app-category.education";
				INFOPLIST_KEY_NSHumanReadableCopyright = "";
				LD_RUNPATH_SEARCH_PATHS = (
					"$(inherited)",
					"@executable_path/../Frameworks",
				);
				MACOSX_DEPLOYMENT_TARGET = 12.1;
				MARKETING_VERSION = 1.0;
				PRODUCT_BUNDLE_IDENTIFIER = com.swiftgraphql.Marvel;
				PRODUCT_NAME = Marvel;
				SDKROOT = macosx;
				SWIFT_EMIT_LOC_STRINGS = YES;
				SWIFT_VERSION = 5.0;
			};
			name = Release;
		};
		028CDD4E27BFA8ED00355B5A /* Debug */ = {
			isa = XCBuildConfiguration;
			buildSettings = {
				ALWAYS_EMBED_SWIFT_STANDARD_LIBRARIES = YES;
				CODE_SIGN_STYLE = Automatic;
				CURRENT_PROJECT_VERSION = 1;
				DEVELOPMENT_TEAM = 85FQBW59UC;
				GENERATE_INFOPLIST_FILE = YES;
				IPHONEOS_DEPLOYMENT_TARGET = 15.2;
				MARKETING_VERSION = 1.0;
				PRODUCT_BUNDLE_IDENTIFIER = "com.swiftgraphql.Tests-iOS";
				PRODUCT_NAME = "$(TARGET_NAME)";
				SDKROOT = iphoneos;
				SWIFT_EMIT_LOC_STRINGS = NO;
				SWIFT_VERSION = 5.0;
				TARGETED_DEVICE_FAMILY = "1,2";
				TEST_TARGET_NAME = "Marvel (iOS)";
			};
			name = Debug;
		};
		028CDD4F27BFA8ED00355B5A /* Release */ = {
			isa = XCBuildConfiguration;
			buildSettings = {
				ALWAYS_EMBED_SWIFT_STANDARD_LIBRARIES = YES;
				CODE_SIGN_STYLE = Automatic;
				CURRENT_PROJECT_VERSION = 1;
				DEVELOPMENT_TEAM = 85FQBW59UC;
				GENERATE_INFOPLIST_FILE = YES;
				IPHONEOS_DEPLOYMENT_TARGET = 15.2;
				MARKETING_VERSION = 1.0;
				PRODUCT_BUNDLE_IDENTIFIER = "com.swiftgraphql.Tests-iOS";
				PRODUCT_NAME = "$(TARGET_NAME)";
				SDKROOT = iphoneos;
				SWIFT_EMIT_LOC_STRINGS = NO;
				SWIFT_VERSION = 5.0;
				TARGETED_DEVICE_FAMILY = "1,2";
				TEST_TARGET_NAME = "Marvel (iOS)";
				VALIDATE_PRODUCT = YES;
			};
			name = Release;
		};
		028CDD5127BFA8ED00355B5A /* Debug */ = {
			isa = XCBuildConfiguration;
			buildSettings = {
				ALWAYS_EMBED_SWIFT_STANDARD_LIBRARIES = YES;
				CODE_SIGN_STYLE = Automatic;
				CURRENT_PROJECT_VERSION = 1;
				DEVELOPMENT_TEAM = 85FQBW59UC;
				GENERATE_INFOPLIST_FILE = YES;
				MACOSX_DEPLOYMENT_TARGET = 12.1;
				MARKETING_VERSION = 1.0;
				PRODUCT_BUNDLE_IDENTIFIER = "com.swiftgraphql.Tests-macOS";
				PRODUCT_NAME = "$(TARGET_NAME)";
				SDKROOT = macosx;
				SWIFT_EMIT_LOC_STRINGS = NO;
				SWIFT_VERSION = 5.0;
				TEST_TARGET_NAME = "Marvel (macOS)";
			};
			name = Debug;
		};
		028CDD5227BFA8ED00355B5A /* Release */ = {
			isa = XCBuildConfiguration;
			buildSettings = {
				ALWAYS_EMBED_SWIFT_STANDARD_LIBRARIES = YES;
				CODE_SIGN_STYLE = Automatic;
				CURRENT_PROJECT_VERSION = 1;
				DEVELOPMENT_TEAM = 85FQBW59UC;
				GENERATE_INFOPLIST_FILE = YES;
				MACOSX_DEPLOYMENT_TARGET = 12.1;
				MARKETING_VERSION = 1.0;
				PRODUCT_BUNDLE_IDENTIFIER = "com.swiftgraphql.Tests-macOS";
				PRODUCT_NAME = "$(TARGET_NAME)";
				SDKROOT = macosx;
				SWIFT_EMIT_LOC_STRINGS = NO;
				SWIFT_VERSION = 5.0;
				TEST_TARGET_NAME = "Marvel (macOS)";
			};
			name = Release;
		};
/* End XCBuildConfiguration section */

/* Begin XCConfigurationList section */
		028CDD1527BFA8EB00355B5A /* Build configuration list for PBXProject "Marvel" */ = {
			isa = XCConfigurationList;
			buildConfigurations = (
				028CDD4527BFA8ED00355B5A /* Debug */,
				028CDD4627BFA8ED00355B5A /* Release */,
			);
			defaultConfigurationIsVisible = 0;
			defaultConfigurationName = Release;
		};
		028CDD4727BFA8ED00355B5A /* Build configuration list for PBXNativeTarget "Marvel (iOS)" */ = {
			isa = XCConfigurationList;
			buildConfigurations = (
				028CDD4827BFA8ED00355B5A /* Debug */,
				028CDD4927BFA8ED00355B5A /* Release */,
			);
			defaultConfigurationIsVisible = 0;
			defaultConfigurationName = Release;
		};
		028CDD4A27BFA8ED00355B5A /* Build configuration list for PBXNativeTarget "Marvel (macOS)" */ = {
			isa = XCConfigurationList;
			buildConfigurations = (
				028CDD4B27BFA8ED00355B5A /* Debug */,
				028CDD4C27BFA8ED00355B5A /* Release */,
			);
			defaultConfigurationIsVisible = 0;
			defaultConfigurationName = Release;
		};
		028CDD4D27BFA8ED00355B5A /* Build configuration list for PBXNativeTarget "Tests iOS" */ = {
			isa = XCConfigurationList;
			buildConfigurations = (
				028CDD4E27BFA8ED00355B5A /* Debug */,
				028CDD4F27BFA8ED00355B5A /* Release */,
			);
			defaultConfigurationIsVisible = 0;
			defaultConfigurationName = Release;
		};
		028CDD5027BFA8ED00355B5A /* Build configuration list for PBXNativeTarget "Tests macOS" */ = {
			isa = XCConfigurationList;
			buildConfigurations = (
				028CDD5127BFA8ED00355B5A /* Debug */,
				028CDD5227BFA8ED00355B5A /* Release */,
			);
			defaultConfigurationIsVisible = 0;
			defaultConfigurationName = Release;
		};
/* End XCConfigurationList section */

/* Begin XCRemoteSwiftPackageReference section */
		0227B0C427C16ECC00737C55 /* XCRemoteSwiftPackageReference "MessageKit" */ = {
			isa = XCRemoteSwiftPackageReference;
			repositoryURL = "https://github.com/MessageKit/MessageKit";
			requirement = {
				kind = upToNextMajorVersion;
				minimumVersion = 3.0.0;
			};
		};
		028CDD7227BFE75300355B5A /* XCRemoteSwiftPackageReference "Valet" */ = {
			isa = XCRemoteSwiftPackageReference;
			repositoryURL = "https://github.com/square/Valet";
			requirement = {
				kind = upToNextMajorVersion;
				minimumVersion = 4.0.0;
			};
		};
/* End XCRemoteSwiftPackageReference section */

/* Begin XCSwiftPackageProductDependency section */
		0227B0C527C16ECC00737C55 /* MessageKit */ = {
			isa = XCSwiftPackageProductDependency;
			package = 0227B0C427C16ECC00737C55 /* XCRemoteSwiftPackageReference "MessageKit" */;
			productName = MessageKit;
		};
		028CDD7327BFE75300355B5A /* Valet */ = {
			isa = XCSwiftPackageProductDependency;
			package = 028CDD7227BFE75300355B5A /* XCRemoteSwiftPackageReference "Valet" */;
			productName = Valet;
		};
		028CDD8027C03E3A00355B5A /* MarvelCore */ = {
			isa = XCSwiftPackageProductDependency;
			productName = MarvelCore;
		};
		028CDD8227C03E4D00355B5A /* MarvelCore */ = {
			isa = XCSwiftPackageProductDependency;
			productName = MarvelCore;
		};
/* End XCSwiftPackageProductDependency section */
	};
	rootObject = 028CDD1227BFA8EB00355B5A /* Project object */;
}
